
Microsoft Visual Studio Solution File, Format Version 11.00
# Visual Studio 2010
Project("{FAE04EC0-301F-11D3-BF4B-00C04F79EFBC}") = "3D Enviroment", "Assembly-CSharp.csproj", "{726682A7-CD59-465F-8824-B165E856AE3B}"
EndProject
Project("{FAE04EC0-301F-11D3-BF4B-00C04F79EFBC}") = "3D Enviroment", "Assembly-CSharp-firstpass.csproj", "{BB99B652-93FE-3D1E-1CFA-C9B017B8CACE}"
EndProject
Project("{FAE04EC0-301F-11D3-BF4B-00C04F79EFBC}") = "3D Enviroment", "Assembly-CSharp-Editor-firstpass.csproj", "{28DCB91B-8E15-6B4D-F69E-36A35AFFC695}"
EndProject
Global
	GlobalSection(SolutionConfigurationPlatforms) = preSolution
		Debug|Any CPU = Debug|Any CPU
		Release|Any CPU = Release|Any CPU
	EndGlobalSection
	GlobalSection(ProjectConfigurationPlatforms) = postSolution
		{726682A7-CD59-465F-8824-B165E856AE3B}.Debug|Any CPU.ActiveCfg = Debug|Any CPU
		{726682A7-CD59-465F-8824-B165E856AE3B}.Debug|Any CPU.Build.0 = Debug|Any CPU
		{726682A7-CD59-465F-8824-B165E856AE3B}.Release|Any CPU.ActiveCfg = Release|Any CPU
		{726682A7-CD59-465F-8824-B165E856AE3B}.Release|Any CPU.Build.0 = Release|Any CPU
		{BB99B652-93FE-3D1E-1CFA-C9B017B8CACE}.Debug|Any CPU.ActiveCfg = Debug|Any CPU
		{BB99B652-93FE-3D1E-1CFA-C9B017B8CACE}.Debug|Any CPU.Build.0 = Debug|Any CPU
		{BB99B652-93FE-3D1E-1CFA-C9B017B8CACE}.Release|Any CPU.ActiveCfg = Release|Any CPU
		{BB99B652-93FE-3D1E-1CFA-C9B017B8CACE}.Release|Any CPU.Build.0 = Release|Any CPU
		{28DCB91B-8E15-6B4D-F69E-36A35AFFC695}.Debug|Any CPU.ActiveCfg = Debug|Any CPU
		{28DCB91B-8E15-6B4D-F69E-36A35AFFC695}.Debug|Any CPU.Build.0 = Debug|Any CPU
		{28DCB91B-8E15-6B4D-F69E-36A35AFFC695}.Release|Any CPU.ActiveCfg = Release|Any CPU
		{28DCB91B-8E15-6B4D-F69E-36A35AFFC695}.Release|Any CPU.Build.0 = Release|Any CPU
	EndGlobalSection
	GlobalSection(SolutionProperties) = preSolution
		HideSolutionNode = FALSE
	EndGlobalSection
	GlobalSection(MonoDevelopProperties) = preSolution
		StartupItem = Assembly-CSharp.csproj
	EndGlobalSection
EndGlobal
